
Microsoft Visual Studio Solution File, Format Version 12.00
# Visual Studio 15
VisualStudioVersion = 15.0.27703.2026
MinimumVisualStudioVersion = 10.0.40219.1
Project("{FAE04EC0-301F-11D3-BF4B-00C04F79EFBC}") = "UploadContentSample", "UploadContentSample\UploadContentSample.csproj", "{34BA14F3-7F2F-4238-8520-D7E5E79B5237}"
EndProject
Global
	GlobalSection(SolutionConfigurationPlatforms) = preSolution
		Debug|Any CPU = Debug|Any CPU
		Release|Any CPU = Release|Any CPU
	EndGlobalSection
	GlobalSection(ProjectConfigurationPlatforms) = postSolution
		{34BA14F3-7F2F-4238-8520-D7E5E79B5237}.Debug|Any CPU.ActiveCfg = Debug|Any CPU
		{34BA14F3-7F2F-4238-8520-D7E5E79B5237}.Debug|Any CPU.Build.0 = Debug|Any CPU
		{34BA14F3-7F2F-4238-8520-D7E5E79B5237}.Release|Any CPU.ActiveCfg = Release|Any CPU
		{34BA14F3-7F2F-4238-8520-D7E5E79B5237}.Release|Any CPU.Build.0 = Release|Any CPU
	EndGlobalSection
	GlobalSection(SolutionProperties) = preSolution
		HideSolutionNode = FALSE
	EndGlobalSection
	GlobalSection(ExtensibilityGlobals) = postSolution
		SolutionGuid = {1BE1B8F6-38FC-473F-A0E5-51AD67A071C1}
	EndGlobalSection
EndGlobal
