
Microsoft Visual Studio Solution File, Format Version 12.00
# Visual Studio Version 16
VisualStudioVersion = 16.0.28315.86
MinimumVisualStudioVersion = 10.0.40219.1
Project("{FAE04EC0-301F-11D3-BF4B-00C04F79EFBC}") = "UploadContent", "UploadContent\UploadContent.csproj", "{E1D992F9-D503-4A4F-BC89-1D3DA42B4945}"
EndProject
Global
	GlobalSection(SolutionConfigurationPlatforms) = preSolution
		Debug|Any CPU = Debug|Any CPU
		Release|Any CPU = Release|Any CPU
	EndGlobalSection
	GlobalSection(ProjectConfigurationPlatforms) = postSolution
		{E1D992F9-D503-4A4F-BC89-1D3DA42B4945}.Debug|Any CPU.ActiveCfg = Debug|Any CPU
		{E1D992F9-D503-4A4F-BC89-1D3DA42B4945}.Debug|Any CPU.Build.0 = Debug|Any CPU
		{E1D992F9-D503-4A4F-BC89-1D3DA42B4945}.Release|Any CPU.ActiveCfg = Release|Any CPU
		{E1D992F9-D503-4A4F-BC89-1D3DA42B4945}.Release|Any CPU.Build.0 = Release|Any CPU
	EndGlobalSection
	GlobalSection(SolutionProperties) = preSolution
		HideSolutionNode = FALSE
	EndGlobalSection
	GlobalSection(ExtensibilityGlobals) = postSolution
		SolutionGuid = {E9585B12-B8F2-4328-A098-F729EA0C2DC2}
	EndGlobalSection
EndGlobal
